
Microsoft Visual Studio Solution File, Format Version 12.00
# Visual Studio Version 16
VisualStudioVersion = 16.0.31702.278
MinimumVisualStudioVersion = 10.0.40219.1
Project("{FAE04EC0-301F-11D3-BF4B-00C04F79EFBC}") = "AuthorizationPageTests", "AuthorizationPageTests\AuthorizationPageTests.csproj", "{A3723F4C-8EE9-4F93-80EF-82E1C20BDBEC}"
EndProject
Global
	GlobalSection(SolutionConfigurationPlatforms) = preSolution
		Debug|Any CPU = Debug|Any CPU
		Release|Any CPU = Release|Any CPU
	EndGlobalSection
	GlobalSection(ProjectConfigurationPlatforms) = postSolution
		{A3723F4C-8EE9-4F93-80EF-82E1C20BDBEC}.Debug|Any CPU.ActiveCfg = Debug|Any CPU
		{A3723F4C-8EE9-4F93-80EF-82E1C20BDBEC}.Debug|Any CPU.Build.0 = Debug|Any CPU
		{A3723F4C-8EE9-4F93-80EF-82E1C20BDBEC}.Release|Any CPU.ActiveCfg = Release|Any CPU
		{A3723F4C-8EE9-4F93-80EF-82E1C20BDBEC}.Release|Any CPU.Build.0 = Release|Any CPU
	EndGlobalSection
	GlobalSection(SolutionProperties) = preSolution
		HideSolutionNode = FALSE
	EndGlobalSection
	GlobalSection(ExtensibilityGlobals) = postSolution
		SolutionGuid = {54FE1EA2-9473-47A4-ACD9-7A0C5A7A33F9}
	EndGlobalSection
EndGlobal
